# @generated by Move, please check-in and do not edit manually.

[move]
version = 2
manifest_digest = "1343508EDB988CB585A8CDA64AB3A9702A44A445EE8390AFBFC6ED6EF2B20DEF"
deps_digest = "F8BBB0CCB2491CA29A3DF03D6F92277A4F3574266507ACD77214D37ECA3F3082"
dependencies = [
  { name = "Sui" },
]

[[move.package]]
name = "MoveStdlib"
source = { git = "https://github.com/MystenLabs/sui.git", rev = "framework/testnet", subdir = "crates/sui-framework/packages/move-stdlib" }

[[move.package]]
name = "Sui"
source = { git = "https://github.com/MystenLabs/sui.git", rev = "framework/testnet", subdir = "crates/sui-framework/packages/sui-framework" }

dependencies = [
  { name = "MoveStdlib" },
]

[move.toolchain-version]
compiler-version = "1.25.0"
edition = "2024.beta"
flavor = "sui"

[env]

[env.dev]
chain-id = "b3f81552"
original-published-id = "0xda6bcb3715cfa01856a0a07fb41de8af22ddc1b453d90653b9c7d98469c42593"
latest-published-id = "0xda6bcb3715cfa01856a0a07fb41de8af22ddc1b453d90653b9c7d98469c42593"
published-version = "1"
